// !$*UTF8*$!
{
	archiveVersion = 1;
	classes = {
	};
	objectVersion = 45;
	objects = {

/* Begin PBXBuildFile section */
		1DDD58160DA1D0A300B32029 /* MainMenu.xib in Resources */ = {isa = PBXBuildFile; fileRef = 1DDD58140DA1D0A300B32029 /* MainMenu.xib */; };
		8D11072B0486CEB800E47090 /* InfoPlist.strings in Resources */ = {isa = PBXBuildFile; fileRef = 089C165CFE840E0CC02AAC07 /* InfoPlist.strings */; };
		8D11072D0486CEB800E47090 /* main.m in Sources */ = {isa = PBXBuildFile; fileRef = 29B97316FDCFA39411CA2CEA /* main.m */; settings = {ATTRIBUTES = (); }; };
		8D11072F0486CEB800E47090 /* Cocoa.framework in Frameworks */ = {isa = PBXBuildFile; fileRef = 1058C7A1FEA54F0111CA2CBB /* Cocoa.framework */; };
		C424A36610FC37AC007083E4 /* GoogleReaderAppDelegate.m in Sources */ = {isa = PBXBuildFile; fileRef = C424A36510FC37AC007083E4 /* GoogleReaderAppDelegate.m */; };
		C424A36A10FC37C2007083E4 /* GoogleReader.m in Sources */ = {isa = PBXBuildFile; fileRef = C424A36910FC37C2007083E4 /* GoogleReader.m */; };
		C424A37D10FC37D6007083E4 /* ASIFormDataRequest.m in Sources */ = {isa = PBXBuildFile; fileRef = C424A36D10FC37D6007083E4 /* ASIFormDataRequest.m */; };
		C424A37E10FC37D6007083E4 /* ASIHTTPRequest.m in Sources */ = {isa = PBXBuildFile; fileRef = C424A36F10FC37D6007083E4 /* ASIHTTPRequest.m */; };
		C424A37F10FC37D6007083E4 /* ASIInputStream.m in Sources */ = {isa = PBXBuildFile; fileRef = C424A37210FC37D6007083E4 /* ASIInputStream.m */; };
		C424A38010FC37D6007083E4 /* ASINetworkQueue.m in Sources */ = {isa = PBXBuildFile; fileRef = C424A37410FC37D6007083E4 /* ASINetworkQueue.m */; };
		C424A38110FC37D6007083E4 /* ASINSStringAdditions.m in Sources */ = {isa = PBXBuildFile; fileRef = C424A37610FC37D6007083E4 /* ASINSStringAdditions.m */; };
		C424A38210FC37D6007083E4 /* ASIS3BucketObject.m in Sources */ = {isa = PBXBuildFile; fileRef = C424A37810FC37D6007083E4 /* ASIS3BucketObject.m */; };
		C424A38310FC37D6007083E4 /* ASIS3ListRequest.m in Sources */ = {isa = PBXBuildFile; fileRef = C424A37A10FC37D6007083E4 /* ASIS3ListRequest.m */; };
		C424A38410FC37D6007083E4 /* ASIS3Request.m in Sources */ = {isa = PBXBuildFile; fileRef = C424A37C10FC37D6007083E4 /* ASIS3Request.m */; };
		C424A38610FC38A6007083E4 /* libz.dylib in Frameworks */ = {isa = PBXBuildFile; fileRef = C424A38510FC38A6007083E4 /* libz.dylib */; };
		C424A38810FC38BF007083E4 /* Security.framework in Frameworks */ = {isa = PBXBuildFile; fileRef = C424A38710FC38BF007083E4 /* Security.framework */; };
		C424A38A10FC38D0007083E4 /* SystemConfiguration.framework in Frameworks */ = {isa = PBXBuildFile; fileRef = C424A38910FC38D0007083E4 /* SystemConfiguration.framework */; };
/* End PBXBuildFile section */

/* Begin PBXFileReference section */
		089C165DFE840E0CC02AAC07 /* English */ = {isa = PBXFileReference; fileEncoding = 4; lastKnownFileType = text.plist.strings; name = English; path = English.lproj/InfoPlist.strings; sourceTree = "<group>"; };
		1058C7A1FEA54F0111CA2CBB /* Cocoa.framework */ = {isa = PBXFileReference; lastKnownFileType = wrapper.framework; name = Cocoa.framework; path = /System/Library/Frameworks/Cocoa.framework; sourceTree = "<absolute>"; };
		13E42FB307B3F0F600E4EEF1 /* CoreData.framework */ = {isa = PBXFileReference; lastKnownFileType = wrapper.framework; name = CoreData.framework; path = /System/Library/Frameworks/CoreData.framework; sourceTree = "<absolute>"; };
		1DDD58150DA1D0A300B32029 /* English */ = {isa = PBXFileReference; lastKnownFileType = file.xib; name = English; path = English.lproj/MainMenu.xib; sourceTree = "<group>"; };
		256AC3F00F4B6AF500CF3369 /* GoogleReader_Prefix.pch */ = {isa = PBXFileReference; fileEncoding = 4; lastKnownFileType = sourcecode.c.h; path = GoogleReader_Prefix.pch; sourceTree = "<group>"; };
		29B97316FDCFA39411CA2CEA /* main.m */ = {isa = PBXFileReference; fileEncoding = 4; lastKnownFileType = sourcecode.c.objc; path = main.m; sourceTree = "<group>"; };
		29B97324FDCFA39411CA2CEA /* AppKit.framework */ = {isa = PBXFileReference; lastKnownFileType = wrapper.framework; name = AppKit.framework; path = /System/Library/Frameworks/AppKit.framework; sourceTree = "<absolute>"; };
		29B97325FDCFA39411CA2CEA /* Foundation.framework */ = {isa = PBXFileReference; lastKnownFileType = wrapper.framework; name = Foundation.framework; path = /System/Library/Frameworks/Foundation.framework; sourceTree = "<absolute>"; };
		8D1107310486CEB800E47090 /* GoogleReader-Info.plist */ = {isa = PBXFileReference; fileEncoding = 4; lastKnownFileType = text.plist.xml; path = "GoogleReader-Info.plist"; sourceTree = "<group>"; };
		8D1107320486CEB800E47090 /* GoogleReader.app */ = {isa = PBXFileReference; explicitFileType = wrapper.application; includeInIndex = 0; path = GoogleReader.app; sourceTree = BUILT_PRODUCTS_DIR; };
		C424A36410FC37AC007083E4 /* GoogleReaderAppDelegate.h */ = {isa = PBXFileReference; fileEncoding = 4; lastKnownFileType = sourcecode.c.h; path = GoogleReaderAppDelegate.h; sourceTree = "<group>"; };
		C424A36510FC37AC007083E4 /* GoogleReaderAppDelegate.m */ = {isa = PBXFileReference; fileEncoding = 4; lastKnownFileType = sourcecode.c.objc; path = GoogleReaderAppDelegate.m; sourceTree = "<group>"; };
		C424A36810FC37C2007083E4 /* GoogleReader.h */ = {isa = PBXFileReference; fileEncoding = 4; lastKnownFileType = sourcecode.c.h; path = GoogleReader.h; sourceTree = "<group>"; };
		C424A36910FC37C2007083E4 /* GoogleReader.m */ = {isa = PBXFileReference; fileEncoding = 4; lastKnownFileType = sourcecode.c.objc; path = GoogleReader.m; sourceTree = "<group>"; };
		C424A36C10FC37D6007083E4 /* ASIFormDataRequest.h */ = {isa = PBXFileReference; fileEncoding = 4; lastKnownFileType = sourcecode.c.h; path = ASIFormDataRequest.h; sourceTree = "<group>"; };
		C424A36D10FC37D6007083E4 /* ASIFormDataRequest.m */ = {isa = PBXFileReference; fileEncoding = 4; lastKnownFileType = sourcecode.c.objc; path = ASIFormDataRequest.m; sourceTree = "<group>"; };
		C424A36E10FC37D6007083E4 /* ASIHTTPRequest.h */ = {isa = PBXFileReference; fileEncoding = 4; lastKnownFileType = sourcecode.c.h; path = ASIHTTPRequest.h; sourceTree = "<group>"; };
		C424A36F10FC37D6007083E4 /* ASIHTTPRequest.m */ = {isa = PBXFileReference; fileEncoding = 4; lastKnownFileType = sourcecode.c.objc; path = ASIHTTPRequest.m; sourceTree = "<group>"; };
		C424A37010FC37D6007083E4 /* ASIHTTPRequestConfig.h */ = {isa = PBXFileReference; fileEncoding = 4; lastKnownFileType = sourcecode.c.h; path = ASIHTTPRequestConfig.h; sourceTree = "<group>"; };
		C424A37110FC37D6007083E4 /* ASIInputStream.h */ = {isa = PBXFileReference; fileEncoding = 4; lastKnownFileType = sourcecode.c.h; path = ASIInputStream.h; sourceTree = "<group>"; };
		C424A37210FC37D6007083E4 /* ASIInputStream.m */ = {isa = PBXFileReference; fileEncoding = 4; lastKnownFileType = sourcecode.c.objc; path = ASIInputStream.m; sourceTree = "<group>"; };
		C424A37310FC37D6007083E4 /* ASINetworkQueue.h */ = {isa = PBXFileReference; fileEncoding = 4; lastKnownFileType = sourcecode.c.h; path = ASINetworkQueue.h; sourceTree = "<group>"; };
		C424A37410FC37D6007083E4 /* ASINetworkQueue.m */ = {isa = PBXFileReference; fileEncoding = 4; lastKnownFileType = sourcecode.c.objc; path = ASINetworkQueue.m; sourceTree = "<group>"; };
		C424A37510FC37D6007083E4 /* ASINSStringAdditions.h */ = {isa = PBXFileReference; fileEncoding = 4; lastKnownFileType = sourcecode.c.h; path = ASINSStringAdditions.h; sourceTree = "<group>"; };
		C424A37610FC37D6007083E4 /* ASINSStringAdditions.m */ = {isa = PBXFileReference; fileEncoding = 4; lastKnownFileType = sourcecode.c.objc; path = ASINSStringAdditions.m; sourceTree = "<group>"; };
		C424A37710FC37D6007083E4 /* ASIS3BucketObject.h */ = {isa = PBXFileReference; fileEncoding = 4; lastKnownFileType = sourcecode.c.h; path = ASIS3BucketObject.h; sourceTree = "<group>"; };
		C424A37810FC37D6007083E4 /* ASIS3BucketObject.m */ = {isa = PBXFileReference; fileEncoding = 4; lastKnownFileType = sourcecode.c.objc; path = ASIS3BucketObject.m; sourceTree = "<group>"; };
		C424A37910FC37D6007083E4 /* ASIS3ListRequest.h */ = {isa = PBXFileReference; fileEncoding = 4; lastKnownFileType = sourcecode.c.h; path = ASIS3ListRequest.h; sourceTree = "<group>"; };
		C424A37A10FC37D6007083E4 /* ASIS3ListRequest.m */ = {isa = PBXFileReference; fileEncoding = 4; lastKnownFileType = sourcecode.c.objc; path = ASIS3ListRequest.m; sourceTree = "<group>"; };
		C424A37B10FC37D6007083E4 /* ASIS3Request.h */ = {isa = PBXFileReference; fileEncoding = 4; lastKnownFileType = sourcecode.c.h; path = ASIS3Request.h; sourceTree = "<group>"; };
		C424A37C10FC37D6007083E4 /* ASIS3Request.m */ = {isa = PBXFileReference; fileEncoding = 4; lastKnownFileType = sourcecode.c.objc; path = ASIS3Request.m; sourceTree = "<group>"; };
		C424A38510FC38A6007083E4 /* libz.dylib */ = {isa = PBXFileReference; lastKnownFileType = "compiled.mach-o.dylib"; name = libz.dylib; path = usr/lib/libz.dylib; sourceTree = SDKROOT; };
		C424A38710FC38BF007083E4 /* Security.framework */ = {isa = PBXFileReference; lastKnownFileType = wrapper.framework; name = Security.framework; path = System/Library/Frameworks/Security.framework; sourceTree = SDKROOT; };
		C424A38910FC38D0007083E4 /* SystemConfiguration.framework */ = {isa = PBXFileReference; lastKnownFileType = wrapper.framework; name = SystemConfiguration.framework; path = System/Library/Frameworks/SystemConfiguration.framework; sourceTree = SDKROOT; };
/* End PBXFileReference section */

/* Begin PBXFrameworksBuildPhase section */
		8D11072E0486CEB800E47090 /* Frameworks */ = {
			isa = PBXFrameworksBuildPhase;
			buildActionMask = 2147483647;
			files = (
				8D11072F0486CEB800E47090 /* Cocoa.framework in Frameworks */,
				C424A38610FC38A6007083E4 /* libz.dylib in Frameworks */,
				C424A38810FC38BF007083E4 /* Security.framework in Frameworks */,
				C424A38A10FC38D0007083E4 /* SystemConfiguration.framework in Frameworks */,
			);
			runOnlyForDeploymentPostprocessing = 0;
		};
/* End PBXFrameworksBuildPhase section */

/* Begin PBXGroup section */
		1058C7A0FEA54F0111CA2CBB /* Linked Frameworks */ = {
			isa = PBXGroup;
			children = (
				1058C7A1FEA54F0111CA2CBB /* Cocoa.framework */,
			);
			name = "Linked Frameworks";
			sourceTree = "<group>";
		};
		1058C7A2FEA54F0111CA2CBB /* Other Frameworks */ = {
			isa = PBXGroup;
			children = (
				29B97324FDCFA39411CA2CEA /* AppKit.framework */,
				13E42FB307B3F0F600E4EEF1 /* CoreData.framework */,
				29B97325FDCFA39411CA2CEA /* Foundation.framework */,
			);
			name = "Other Frameworks";
			sourceTree = "<group>";
		};
		19C28FACFE9D520D11CA2CBB /* Products */ = {
			isa = PBXGroup;
			children = (
				8D1107320486CEB800E47090 /* GoogleReader.app */,
			);
			name = Products;
			sourceTree = "<group>";
		};
		29B97314FDCFA39411CA2CEA /* GoogleReader */ = {
			isa = PBXGroup;
			children = (
				C424A36B10FC37D6007083E4 /* asi-http-request */,
				C424A36710FC37C2007083E4 /* Classes */,
				C424A36410FC37AC007083E4 /* GoogleReaderAppDelegate.h */,
				C424A36510FC37AC007083E4 /* GoogleReaderAppDelegate.m */,
				29B97315FDCFA39411CA2CEA /* Other Sources */,
				29B97317FDCFA39411CA2CEA /* Resources */,
				29B97323FDCFA39411CA2CEA /* Frameworks */,
				19C28FACFE9D520D11CA2CBB /* Products */,
				C424A38510FC38A6007083E4 /* libz.dylib */,
				C424A38710FC38BF007083E4 /* Security.framework */,
				C424A38910FC38D0007083E4 /* SystemConfiguration.framework */,
			);
			name = GoogleReader;
			sourceTree = "<group>";
		};
		29B97315FDCFA39411CA2CEA /* Other Sources */ = {
			isa = PBXGroup;
			children = (
				256AC3F00F4B6AF500CF3369 /* GoogleReader_Prefix.pch */,
				29B97316FDCFA39411CA2CEA /* main.m */,
			);
			name = "Other Sources";
			sourceTree = "<group>";
		};
		29B97317FDCFA39411CA2CEA /* Resources */ = {
			isa = PBXGroup;
			children = (
				8D1107310486CEB800E47090 /* GoogleReader-Info.plist */,
				089C165CFE840E0CC02AAC07 /* InfoPlist.strings */,
				1DDD58140DA1D0A300B32029 /* MainMenu.xib */,
			);
			name = Resources;
			sourceTree = "<group>";
		};
		29B97323FDCFA39411CA2CEA /* Frameworks */ = {
			isa = PBXGroup;
			children = (
				1058C7A0FEA54F0111CA2CBB /* Linked Frameworks */,
				1058C7A2FEA54F0111CA2CBB /* Other Frameworks */,
			);
			name = Frameworks;
			sourceTree = "<group>";
		};
		C424A36710FC37C2007083E4 /* Classes */ = {
			isa = PBXGroup;
			children = (
				C424A36810FC37C2007083E4 /* GoogleReader.h */,
				C424A36910FC37C2007083E4 /* GoogleReader.m */,
			);
			path = Classes;
			sourceTree = "<group>";
		};
		C424A36B10FC37D6007083E4 /* asi-http-request */ = {
			isa = PBXGroup;
			children = (
				C424A36C10FC37D6007083E4 /* ASIFormDataRequest.h */,
				C424A36D10FC37D6007083E4 /* ASIFormDataRequest.m */,
				C424A36E10FC37D6007083E4 /* ASIHTTPRequest.h */,
				C424A36F10FC37D6007083E4 /* ASIHTTPRequest.m */,
				C424A37010FC37D6007083E4 /* ASIHTTPRequestConfig.h */,
				C424A37110FC37D6007083E4 /* ASIInputStream.h */,
				C424A37210FC37D6007083E4 /* ASIInputStream.m */,
				C424A37310FC37D6007083E4 /* ASINetworkQueue.h */,
				C424A37410FC37D6007083E4 /* ASINetworkQueue.m */,
				C424A37510FC37D6007083E4 /* ASINSStringAdditions.h */,
				C424A37610FC37D6007083E4 /* ASINSStringAdditions.m */,
				C424A37710FC37D6007083E4 /* ASIS3BucketObject.h */,
				C424A37810FC37D6007083E4 /* ASIS3BucketObject.m */,
				C424A37910FC37D6007083E4 /* ASIS3ListRequest.h */,
				C424A37A10FC37D6007083E4 /* ASIS3ListRequest.m */,
				C424A37B10FC37D6007083E4 /* ASIS3Request.h */,
				C424A37C10FC37D6007083E4 /* ASIS3Request.m */,
			);
			path = "asi-http-request";
			sourceTree = "<group>";
		};
/* End PBXGroup section */

/* Begin PBXNativeTarget section */
		8D1107260486CEB800E47090 /* GoogleReader */ = {
			isa = PBXNativeTarget;
			buildConfigurationList = C01FCF4A08A954540054247B /* Build configuration list for PBXNativeTarget "GoogleReader" */;
			buildPhases = (
				8D1107290486CEB800E47090 /* Resources */,
				8D11072C0486CEB800E47090 /* Sources */,
				8D11072E0486CEB800E47090 /* Frameworks */,
			);
			buildRules = (
			);
			dependencies = (
			);
			name = GoogleReader;
			productInstallPath = "$(HOME)/Applications";
			productName = GoogleReader;
			productReference = 8D1107320486CEB800E47090 /* GoogleReader.app */;
			productType = "com.apple.product-type.application";
		};
/* End PBXNativeTarget section */

/* Begin PBXProject section */
		29B97313FDCFA39411CA2CEA /* Project object */ = {
			isa = PBXProject;
			buildConfigurationList = C01FCF4E08A954540054247B /* Build configuration list for PBXProject "GoogleReader" */;
			compatibilityVersion = "Xcode 3.1";
			hasScannedForEncodings = 1;
			mainGroup = 29B97314FDCFA39411CA2CEA /* GoogleReader */;
			projectDirPath = "";
			projectRoot = "";
			targets = (
				8D1107260486CEB800E47090 /* GoogleReader */,
			);
		};
/* End PBXProject section */

/* Begin PBXResourcesBuildPhase section */
		8D1107290486CEB800E47090 /* Resources */ = {
			isa = PBXResourcesBuildPhase;
			buildActionMask = 2147483647;
			files = (
				8D11072B0486CEB800E47090 /* InfoPlist.strings in Resources */,
				1DDD58160DA1D0A300B32029 /* MainMenu.xib in Resources */,
			);
			runOnlyForDeploymentPostprocessing = 0;
		};
/* End PBXResourcesBuildPhase section */

/* Begin PBXSourcesBuildPhase section */
		8D11072C0486CEB800E47090 /* Sources */ = {
			isa = PBXSourcesBuildPhase;
			buildActionMask = 2147483647;
			files = (
				8D11072D0486CEB800E47090 /* main.m in Sources */,
				C424A36610FC37AC007083E4 /* GoogleReaderAppDelegate.m in Sources */,
				C424A36A10FC37C2007083E4 /* GoogleReader.m in Sources */,
				C424A37D10FC37D6007083E4 /* ASIFormDataRequest.m in Sources */,
				C424A37E10FC37D6007083E4 /* ASIHTTPRequest.m in Sources */,
				C424A37F10FC37D6007083E4 /* ASIInputStream.m in Sources */,
				C424A38010FC37D6007083E4 /* ASINetworkQueue.m in Sources */,
				C424A38110FC37D6007083E4 /* ASINSStringAdditions.m in Sources */,
				C424A38210FC37D6007083E4 /* ASIS3BucketObject.m in Sources */,
				C424A38310FC37D6007083E4 /* ASIS3ListRequest.m in Sources */,
				C424A38410FC37D6007083E4 /* ASIS3Request.m in Sources */,
			);
			runOnlyForDeploymentPostprocessing = 0;
		};
/* End PBXSourcesBuildPhase section */

/* Begin PBXVariantGroup section */
		089C165CFE840E0CC02AAC07 /* InfoPlist.strings */ = {
			isa = PBXVariantGroup;
			children = (
				089C165DFE840E0CC02AAC07 /* English */,
			);
			name = InfoPlist.strings;
			sourceTree = "<group>";
		};
		1DDD58140DA1D0A300B32029 /* MainMenu.xib */ = {
			isa = PBXVariantGroup;
			children = (
				1DDD58150DA1D0A300B32029 /* English */,
			);
			name = MainMenu.xib;
			sourceTree = "<group>";
		};
/* End PBXVariantGroup section */

/* Begin XCBuildConfiguration section */
		C01FCF4B08A954540054247B /* Debug */ = {
			isa = XCBuildConfiguration;
			buildSettings = {
				ALWAYS_SEARCH_USER_PATHS = NO;
				COPY_PHASE_STRIP = NO;
				GCC_DYNAMIC_NO_PIC = NO;
				GCC_ENABLE_FIX_AND_CONTINUE = YES;
				GCC_MODEL_TUNING = G5;
				GCC_OPTIMIZATION_LEVEL = 0;
				GCC_PRECOMPILE_PREFIX_HEADER = YES;
				GCC_PREFIX_HEADER = GoogleReader_Prefix.pch;
				INFOPLIST_FILE = "GoogleReader-Info.plist";
				INSTALL_PATH = "$(HOME)/Applications";
				PRODUCT_NAME = GoogleReader;
			};
			name = Debug;
		};
		C01FCF4C08A954540054247B /* Release */ = {
			isa = XCBuildConfiguration;
			buildSettings = {
				ALWAYS_SEARCH_USER_PATHS = NO;
				DEBUG_INFORMATION_FORMAT = "dwarf-with-dsym";
				GCC_MODEL_TUNING = G5;
				GCC_PRECOMPILE_PREFIX_HEADER = YES;
				GCC_PREFIX_HEADER = GoogleReader_Prefix.pch;
				INFOPLIST_FILE = "GoogleReader-Info.plist";
				INSTALL_PATH = "$(HOME)/Applications";
				PRODUCT_NAME = GoogleReader;
			};
			name = Release;
		};
		C01FCF4F08A954540054247B /* Debug */ = {
			isa = XCBuildConfiguration;
			buildSettings = {
				ARCHS = "$(ARCHS_STANDARD_32_64_BIT)";
				GCC_C_LANGUAGE_STANDARD = gnu99;
				GCC_OPTIMIZATION_LEVEL = 0;
				GCC_WARN_ABOUT_RETURN_TYPE = YES;
				GCC_WARN_UNUSED_VARIABLE = YES;
				ONLY_ACTIVE_ARCH = YES;
				PREBINDING = NO;
				SDKROOT = macosx10.6;
			};
			name = Debug;
		};
		C01FCF5008A954540054247B /* Release */ = {
			isa = XCBuildConfiguration;
			buildSettings = {
				ARCHS = "$(ARCHS_STANDARD_32_64_BIT)";
				GCC_C_LANGUAGE_STANDARD = gnu99;
				GCC_WARN_ABOUT_RETURN_TYPE = YES;
				GCC_WARN_UNUSED_VARIABLE = YES;
				PREBINDING = NO;
				SDKROOT = macosx10.6;
			};
			name = Release;
		};
/* End XCBuildConfiguration section */

/* Begin XCConfigurationList section */
		C01FCF4A08A954540054247B /* Build configuration list for PBXNativeTarget "GoogleReader" */ = {
			isa = XCConfigurationList;
			buildConfigurations = (
				C01FCF4B08A954540054247B /* Debug */,
				C01FCF4C08A954540054247B /* Release */,
			);
			defaultConfigurationIsVisible = 0;
			defaultConfigurationName = Release;
		};
		C01FCF4E08A954540054247B /* Build configuration list for PBXProject "GoogleReader" */ = {
			isa = XCConfigurationList;
			buildConfigurations = (
				C01FCF4F08A954540054247B /* Debug */,
				C01FCF5008A954540054247B /* Release */,
			);
			defaultConfigurationIsVisible = 0;
			defaultConfigurationName = Release;
		};
/* End XCConfigurationList section */
	};
	rootObject = 29B97313FDCFA39411CA2CEA /* Project object */;
}
